<?xml version="1.0" encoding="utf-8"?>
<Project ToolsVersion="4.0" xmlns="http://schemas.microsoft.com/developer/msbuild/2003">
  <ItemGroup>
    <Filter Include="源文件">
      <UniqueIdentifier>{4FC737F1-C7A5-4376-A066-2A32D752A2FF}</UniqueIdentifier>
      <Extensions>cpp;c;cc;cxx;c++;cppm;ixx;def;odl;idl;hpj;bat;asm;asmx</Extensions>
    </Filter>
    <Filter Include="头文件">
      <UniqueIdentifier>{93995380-89BD-4b04-88EB-625FBE52EBFB}</UniqueIdentifier>
      <Extensions>h;hh;hpp;hxx;h++;hm;inl;inc;ipp;xsd</Extensions>
    </Filter>
  </ItemGroup>
  <ItemGroup>
    <ClInclude Include="CoreHeader.h">
      <Filter>头文件</Filter>
    </ClInclude>
    <ClInclude Include="Include\d3dx12.h">
      <Filter>头文件</Filter>
    </ClInclude>
    <ClInclude Include="Utils\DebugUtils.h">
      <Filter>头文件</Filter>
    </ClInclude>
    <ClInclude Include="Graphics.h">
      <Filter>头文件</Filter>
    </ClInclude>
    <ClInclude Include="DescriptorHandle.h">
      <Filter>头文件</Filter>
    </ClInclude>
    <ClInclude Include="Math\Common.h">
      <Filter>头文件</Filter>
    </ClInclude>
    <ClInclude Include="Utils\Hash.h">
      <Filter>头文件</Filter>
    </ClInclude>
    <ClInclude Include="RootSignature.h">
      <Filter>头文件</Filter>
    </ClInclude>
    <ClInclude Include="Common.h">
      <Filter>头文件</Filter>
    </ClInclude>
    <ClInclude Include="Math\Frustum.h">
      <Filter>头文件</Filter>
    </ClInclude>
    <ClInclude Include="Math\Matrix3.h">
      <Filter>头文件</Filter>
    </ClInclude>
    <ClInclude Include="Math\Matrix4.h">
      <Filter>头文件</Filter>
    </ClInclude>
    <ClInclude Include="Math\Quaternion.h">
      <Filter>头文件</Filter>
    </ClInclude>
    <ClInclude Include="Math\Random.h">
      <Filter>头文件</Filter>
    </ClInclude>
    <ClInclude Include="Math\Scalar.h">
      <Filter>头文件</Filter>
    </ClInclude>
    <ClInclude Include="Math\Vector.h">
      <Filter>头文件</Filter>
    </ClInclude>
    <ClInclude Include="Math\VectorMath.h">
      <Filter>头文件</Filter>
    </ClInclude>
    <ClInclude Include="Math\BoundingSphere.h">
      <Filter>头文件</Filter>
    </ClInclude>
    <ClInclude Include="Math\BoundingBox.h">
      <Filter>头文件</Filter>
    </ClInclude>
    <ClInclude Include="Math\BoundingPlane.h">
      <Filter>头文件</Filter>
    </ClInclude>
    <ClInclude Include="Math\Transform.h">
      <Filter>头文件</Filter>
    </ClInclude>
    <ClInclude Include="GpuResource.h">
      <Filter>头文件</Filter>
    </ClInclude>
    <ClInclude Include="CommandQueue.h">
      <Filter>头文件</Filter>
    </ClInclude>
    <ClInclude Include="CommandList.h">
      <Filter>头文件</Filter>
    </ClInclude>
    <ClInclude Include="FrameContext.h">
      <Filter>头文件</Filter>
    </ClInclude>
    <ClInclude Include="PipelineState.h">
      <Filter>头文件</Filter>
    </ClInclude>
    <ClInclude Include="PixelBuffer.h">
      <Filter>头文件</Filter>
    </ClInclude>
    <ClInclude Include="GpuBuffer.h">
      <Filter>头文件</Filter>
    </ClInclude>
    <ClInclude Include="Color.h">
      <Filter>头文件</Filter>
    </ClInclude>
    <ClInclude Include="Include\DDSTextureLoader12.h">
      <Filter>头文件</Filter>
    </ClInclude>
    <ClInclude Include="Texture.h">
      <Filter>头文件</Filter>
    </ClInclude>
    <ClInclude Include="LinearAllocator2.h">
      <Filter>头文件</Filter>
    </ClInclude>
    <ClInclude Include="Utils\CommandLineArg.h">
      <Filter>头文件</Filter>
    </ClInclude>
    <ClInclude Include="Utils\FileUtility.h">
      <Filter>头文件</Filter>
    </ClInclude>
    <ClInclude Include="Utils\LinkedBlockQueue.h">
      <Filter>头文件</Filter>
    </ClInclude>
    <ClInclude Include="Utils\ThreadPoolExecutor.h">
      <Filter>头文件</Filter>
    </ClInclude>
    <ClInclude Include="GraphicsContext.h">
      <Filter>头文件</Filter>
    </ClInclude>
    <ClInclude Include="GameInput.h">
      <Filter>头文件</Filter>
    </ClInclude>
    <ClInclude Include="Camera.h">
      <Filter>头文件</Filter>
    </ClInclude>
    <ClInclude Include="CameraController.h">
      <Filter>头文件</Filter>
    </ClInclude>
    <ClInclude Include="TextRenderer.h">
      <Filter>头文件</Filter>
    </ClInclude>
    <ClInclude Include="Fonts\consola24.h">
      <Filter>头文件</Filter>
    </ClInclude>
    <ClInclude Include="SystemTime.h">
      <Filter>头文件</Filter>
    </ClInclude>
    <ClInclude Include="ShaderCompositor.h">
      <Filter>头文件</Filter>
    </ClInclude>
    <ClInclude Include="GameApp.h">
      <Filter>头文件</Filter>
    </ClInclude>
    <ClInclude Include="GraphicsResource.h">
      <Filter>头文件</Filter>
    </ClInclude>
    <ClInclude Include="Include\zlib.h">
      <Filter>头文件</Filter>
    </ClInclude>
    <ClInclude Include="Include\zconf.h">
      <Filter>头文件</Filter>
    </ClInclude>
  </ItemGroup>
  <ItemGroup>
    <ClCompile Include="Utils\DebugUtils.cpp">
      <Filter>源文件</Filter>
    </ClCompile>
    <ClCompile Include="Graphics.cpp">
      <Filter>源文件</Filter>
    </ClCompile>
    <ClCompile Include="RootSignature.cpp">
      <Filter>源文件</Filter>
    </ClCompile>
    <ClCompile Include="Math\Frustum.cpp">
      <Filter>源文件</Filter>
    </ClCompile>
    <ClCompile Include="Math\Random.cpp">
      <Filter>源文件</Filter>
    </ClCompile>
    <ClCompile Include="Math\BoundingSphere.cpp">
      <Filter>源文件</Filter>
    </ClCompile>
    <ClCompile Include="TestMain.cpp">
      <Filter>源文件</Filter>
    </ClCompile>
    <ClCompile Include="CommandQueue.cpp">
      <Filter>源文件</Filter>
    </ClCompile>
    <ClCompile Include="CommandList.cpp">
      <Filter>源文件</Filter>
    </ClCompile>
    <ClCompile Include="FrameContext.cpp">
      <Filter>源文件</Filter>
    </ClCompile>
    <ClCompile Include="PipelineState.cpp">
      <Filter>源文件</Filter>
    </ClCompile>
    <ClCompile Include="PixelBuffer.cpp">
      <Filter>源文件</Filter>
    </ClCompile>
    <ClCompile Include="GpuBuffer.cpp">
      <Filter>源文件</Filter>
    </ClCompile>
    <ClCompile Include="Color.cpp">
      <Filter>源文件</Filter>
    </ClCompile>
    <ClCompile Include="Include\DDSTextureLoader12.cpp">
      <Filter>源文件</Filter>
    </ClCompile>
    <ClCompile Include="Texture.cpp">
      <Filter>源文件</Filter>
    </ClCompile>
    <ClCompile Include="LinearAllocator2.cpp">
      <Filter>源文件</Filter>
    </ClCompile>
    <ClCompile Include="Utils\CommandLineArg.cpp">
      <Filter>源文件</Filter>
    </ClCompile>
    <ClCompile Include="Utils\FileUtility.cpp">
      <Filter>源文件</Filter>
    </ClCompile>
    <ClCompile Include="DescriptorHandle.cpp">
      <Filter>源文件</Filter>
    </ClCompile>
    <ClCompile Include="GraphicsContext.cpp">
      <Filter>源文件</Filter>
    </ClCompile>
    <ClCompile Include="GameInput.cpp">
      <Filter>源文件</Filter>
    </ClCompile>
    <ClCompile Include="Camera.cpp">
      <Filter>源文件</Filter>
    </ClCompile>
    <ClCompile Include="CameraController.cpp">
      <Filter>源文件</Filter>
    </ClCompile>
    <ClCompile Include="TextRenderer.cpp">
      <Filter>源文件</Filter>
    </ClCompile>
    <ClCompile Include="SystemTime.cpp">
      <Filter>源文件</Filter>
    </ClCompile>
    <ClCompile Include="ShaderComposior.cpp">
      <Filter>源文件</Filter>
    </ClCompile>
    <ClCompile Include="GameApp.cpp">
      <Filter>源文件</Filter>
    </ClCompile>
    <ClCompile Include="GraphicsResource.cpp">
      <Filter>源文件</Filter>
    </ClCompile>
  </ItemGroup>
  <ItemGroup>
    <None Include="Math\Functions.inl">
      <Filter>头文件</Filter>
    </None>
    <None Include="Shader\CommonRS.hlsli" />
    <None Include="Shader\TextRS.hlsli" />
  </ItemGroup>
</Project>